// !$*UTF8*$!
{
	archiveVersion = 1;
	classes = {
	};
	objectVersion = 56;
	objects = {

/* Begin PBXBuildFile section */
		314F39462F50D6DF00421891 /* STARTUP_FREEZE_DIAGNOSIS.md in Resources */ = {isa = PBXBuildFile; fileRef = 314F39452F50D6DF00421891 /* STARTUP_FREEZE_DIAGNOSIS.md */; };
		314F39482F50D71D00421891 /* STARTUP_FREEZE_FIX_SUMMARY.md in Resources */ = {isa = PBXBuildFile; fileRef = 314F39472F50D71D00421891 /* STARTUP_FREEZE_FIX_SUMMARY.md */; };
		314F394A2F50DDD900421891 /* StartupDiagnosticTests.swift in Sources */ = {isa = PBXBuildFile; fileRef = 314F39492F50DDD200421891 /* StartupDiagnosticTests.swift */; };
		31A94F8E2F58ACDC0013F1AF /* PAGE_SCROLL_IMPLEMENTATION.md in Resources */ = {isa = PBXBuildFile; fileRef = 31A94F8D2F58ACDC0013F1AF /* PAGE_SCROLL_IMPLEMENTATION.md */; };
		31A94F902F58ACF90013F1AF /* TESTING_PAGE_SCROLL.md in Resources */ = {isa = PBXBuildFile; fileRef = 31A94F8F2F58ACF90013F1AF /* TESTING_PAGE_SCROLL.md */; };
		31A94F922F58AEDD0013F1AF /* ZOOM_FEATURE.md in Resources */ = {isa = PBXBuildFile; fileRef = 31A94F912F58AEDD0013F1AF /* ZOOM_FEATURE.md */; };
		31A94F942F58AFA70013F1AF /* SIDEBAR_TOGGLE_FEATURE.md in Resources */ = {isa = PBXBuildFile; fileRef = 31A94F932F58AFA70013F1AF /* SIDEBAR_TOGGLE_FEATURE.md */; };
		31A94F962F58B0640013F1AF /* PATTERN_ZOOM_FIX.md in Resources */ = {isa = PBXBuildFile; fileRef = 31A94F952F58B0640013F1AF /* PATTERN_ZOOM_FIX.md */; };
		A10000000000000000000001 /* AppDelegate.swift in Sources */ = {isa = PBXBuildFile; fileRef = A20000000000000000000001 /* AppDelegate.swift */; };
		A10000000000000000000002 /* SceneDelegate.swift in Sources */ = {isa = PBXBuildFile; fileRef = A20000000000000000000002 /* SceneDelegate.swift */; };
		A10000000000000000000003 /* Models.swift in Sources */ = {isa = PBXBuildFile; fileRef = A20000000000000000000003 /* Models.swift */; };
		A10000000000000000000004 /* DataStore.swift in Sources */ = {isa = PBXBuildFile; fileRef = A20000000000000000000004 /* DataStore.swift */; };
		A10000000000000000000007 /* NoteEditorViewController.swift in Sources */ = {isa = PBXBuildFile; fileRef = A20000000000000000000007 /* NoteEditorViewController.swift */; };
		A10000000000000000000009 /* Assets.xcassets in Resources */ = {isa = PBXBuildFile; fileRef = A20000000000000000000009 /* Assets.xcassets */; };
		A1000000000000000000000A /* LaunchScreen.storyboard in Resources */ = {isa = PBXBuildFile; fileRef = A2000000000000000000000A /* LaunchScreen.storyboard */; };
		A1000000000000000000000B /* DataStoreTests.swift in Sources */ = {isa = PBXBuildFile; fileRef = A2000000000000000000000C /* DataStoreTests.swift */; };
		A1000000000000000000000C /* SidebarViewController.swift in Sources */ = {isa = PBXBuildFile; fileRef = A2000000000000000000000F /* SidebarViewController.swift */; };
		A1000000000000000000000D /* NoteGridViewController.swift in Sources */ = {isa = PBXBuildFile; fileRef = A20000000000000000000010 /* NoteGridViewController.swift */; };
		A1000000000000000000000E /* NoteCardCell.swift in Sources */ = {isa = PBXBuildFile; fileRef = A20000000000000000000011 /* NoteCardCell.swift */; };
		A1000000000000000000000F /* ThumbnailCache.swift in Sources */ = {isa = PBXBuildFile; fileRef = A20000000000000000000012 /* ThumbnailCache.swift */; };
		A10000000000000000000010 /* FloatingToolbarView.swift in Sources */ = {isa = PBXBuildFile; fileRef = A20000000000000000000013 /* FloatingToolbarView.swift */; };
		A10000000000000000000011 /* BottomPaperStyleToolbar.swift in Sources */ = {isa = PBXBuildFile; fileRef = A20000000000000000000014 /* BottomPaperStyleToolbar.swift */; };
		BB0000000000000000000001 /* NoteEditorTests.swift in Sources */ = {isa = PBXBuildFile; fileRef = BB0000000000000000000002 /* NoteEditorTests.swift */; };
/* End PBXBuildFile section */

/* Begin PBXContainerItemProxy section */
		A30000000000000000000001 /* PBXContainerItemProxy */ = {
			isa = PBXContainerItemProxy;
			containerPortal = A50000000000000000000001 /* Project object */;
			proxyType = 1;
			remoteGlobalIDString = A40000000000000000000001;
			remoteInfo = ReactNotes;
		};
/* End PBXContainerItemProxy section */

/* Begin PBXFileReference section */
		314F39452F50D6DF00421891 /* STARTUP_FREEZE_DIAGNOSIS.md */ = {isa = PBXFileReference; lastKnownFileType = net.daringfireball.markdown; path = STARTUP_FREEZE_DIAGNOSIS.md; sourceTree = "<group>"; };
		314F39472F50D71D00421891 /* STARTUP_FREEZE_FIX_SUMMARY.md */ = {isa = PBXFileReference; lastKnownFileType = net.daringfireball.markdown; path = STARTUP_FREEZE_FIX_SUMMARY.md; sourceTree = "<group>"; };
		314F39492F50DDD200421891 /* StartupDiagnosticTests.swift */ = {isa = PBXFileReference; lastKnownFileType = sourcecode.swift; path = StartupDiagnosticTests.swift; sourceTree = "<group>"; };
		31A94F8D2F58ACDC0013F1AF /* PAGE_SCROLL_IMPLEMENTATION.md */ = {isa = PBXFileReference; lastKnownFileType = net.daringfireball.markdown; path = PAGE_SCROLL_IMPLEMENTATION.md; sourceTree = "<group>"; };
		31A94F8F2F58ACF90013F1AF /* TESTING_PAGE_SCROLL.md */ = {isa = PBXFileReference; lastKnownFileType = net.daringfireball.markdown; path = TESTING_PAGE_SCROLL.md; sourceTree = "<group>"; };
		31A94F912F58AEDD0013F1AF /* ZOOM_FEATURE.md */ = {isa = PBXFileReference; lastKnownFileType = net.daringfireball.markdown; path = ZOOM_FEATURE.md; sourceTree = "<group>"; };
		31A94F932F58AFA70013F1AF /* SIDEBAR_TOGGLE_FEATURE.md */ = {isa = PBXFileReference; lastKnownFileType = net.daringfireball.markdown; path = SIDEBAR_TOGGLE_FEATURE.md; sourceTree = "<group>"; };
		31A94F952F58B0640013F1AF /* PATTERN_ZOOM_FIX.md */ = {isa = PBXFileReference; lastKnownFileType = net.daringfireball.markdown; path = PATTERN_ZOOM_FIX.md; sourceTree = "<group>"; };
		31A94F972F58C2A90013F1AF /* ZOOM_ISSUE_FIX.md */ = {isa = PBXFileReference; lastKnownFileType = net.daringfireball.markdown; path = ZOOM_ISSUE_FIX.md; sourceTree = "<group>"; };
		31A94F982F58C41A0013F1AF /* PROPER_ZOOM_IMPLEMENTATION.md */ = {isa = PBXFileReference; lastKnownFileType = net.daringfireball.markdown; path = PROPER_ZOOM_IMPLEMENTATION.md; sourceTree = "<group>"; };
		31A94F992F58C4410013F1AF /* ZOOM_FIX_SUMMARY.md */ = {isa = PBXFileReference; lastKnownFileType = net.daringfireball.markdown; path = ZOOM_FIX_SUMMARY.md; sourceTree = "<group>"; };
		31A94F9A2F58C4760013F1AF /* ZOOM_VISUAL_GUIDE.md */ = {isa = PBXFileReference; lastKnownFileType = net.daringfireball.markdown; path = ZOOM_VISUAL_GUIDE.md; sourceTree = "<group>"; };
		31A94F9B2F58C5D20013F1AF /* BLACK_BACKGROUND_FEATURE.md */ = {isa = PBXFileReference; lastKnownFileType = net.daringfireball.markdown; path = BLACK_BACKGROUND_FEATURE.md; sourceTree = "<group>"; };
		31A94F9C2F58C5EF0013F1AF /* BLACK_BACKGROUND_SUMMARY.md */ = {isa = PBXFileReference; lastKnownFileType = net.daringfireball.markdown; path = BLACK_BACKGROUND_SUMMARY.md; sourceTree = "<group>"; };
		31A94F9D2F58C6D00013F1AF /* PAGE_CENTERING_FEATURE.md */ = {isa = PBXFileReference; lastKnownFileType = net.daringfireball.markdown; path = PAGE_CENTERING_FEATURE.md; sourceTree = "<group>"; };
		31A94F9E2F58C6EC0013F1AF /* PAGE_CENTERING_SUMMARY.md */ = {isa = PBXFileReference; lastKnownFileType = net.daringfireball.markdown; path = PAGE_CENTERING_SUMMARY.md; sourceTree = "<group>"; };
		A20000000000000000000001 /* AppDelegate.swift */ = {isa = PBXFileReference; lastKnownFileType = sourcecode.swift; path = AppDelegate.swift; sourceTree = "<group>"; };
		A20000000000000000000002 /* SceneDelegate.swift */ = {isa = PBXFileReference; lastKnownFileType = sourcecode.swift; path = SceneDelegate.swift; sourceTree = "<group>"; };
		A20000000000000000000003 /* Models.swift */ = {isa = PBXFileReference; lastKnownFileType = sourcecode.swift; path = Models.swift; sourceTree = "<group>"; };
		A20000000000000000000004 /* DataStore.swift */ = {isa = PBXFileReference; lastKnownFileType = sourcecode.swift; path = DataStore.swift; sourceTree = "<group>"; };
		A20000000000000000000007 /* NoteEditorViewController.swift */ = {isa = PBXFileReference; lastKnownFileType = sourcecode.swift; path = NoteEditorViewController.swift; sourceTree = "<group>"; };
		A20000000000000000000009 /* Assets.xcassets */ = {isa = PBXFileReference; lastKnownFileType = folder.assetcatalog; path = Assets.xcassets; sourceTree = "<group>"; };
		A2000000000000000000000A /* LaunchScreen.storyboard */ = {isa = PBXFileReference; lastKnownFileType = file.storyboard; path = LaunchScreen.storyboard; sourceTree = "<group>"; };
		A2000000000000000000000B /* Info.plist */ = {isa = PBXFileReference; lastKnownFileType = text.plist.xml; path = Info.plist; sourceTree = "<group>"; };
		A2000000000000000000000C /* DataStoreTests.swift */ = {isa = PBXFileReference; lastKnownFileType = sourcecode.swift; path = DataStoreTests.swift; sourceTree = "<group>"; };
		A2000000000000000000000D /* ReactNotes.app */ = {isa = PBXFileReference; explicitFileType = wrapper.application; path = ReactNotes.app; sourceTree = BUILT_PRODUCTS_DIR; };
		A2000000000000000000000E /* ReactNotesTests.xctest */ = {isa = PBXFileReference; explicitFileType = wrapper.cfbundle; path = ReactNotesTests.xctest; sourceTree = BUILT_PRODUCTS_DIR; };
		A2000000000000000000000F /* SidebarViewController.swift */ = {isa = PBXFileReference; lastKnownFileType = sourcecode.swift; path = SidebarViewController.swift; sourceTree = "<group>"; };
		A20000000000000000000010 /* NoteGridViewController.swift */ = {isa = PBXFileReference; lastKnownFileType = sourcecode.swift; path = NoteGridViewController.swift; sourceTree = "<group>"; };
		A20000000000000000000011 /* NoteCardCell.swift */ = {isa = PBXFileReference; lastKnownFileType = sourcecode.swift; path = NoteCardCell.swift; sourceTree = "<group>"; };
		A20000000000000000000012 /* ThumbnailCache.swift */ = {isa = PBXFileReference; lastKnownFileType = sourcecode.swift; path = ThumbnailCache.swift; sourceTree = "<group>"; };
		A20000000000000000000013 /* FloatingToolbarView.swift */ = {isa = PBXFileReference; lastKnownFileType = sourcecode.swift; path = FloatingToolbarView.swift; sourceTree = "<group>"; };
		A20000000000000000000014 /* BottomPaperStyleToolbar.swift */ = {isa = PBXFileReference; lastKnownFileType = sourcecode.swift; path = BottomPaperStyleToolbar.swift; sourceTree = "<group>"; };
		BB0000000000000000000002 /* NoteEditorTests.swift */ = {isa = PBXFileReference; lastKnownFileType = sourcecode.swift; path = NoteEditorTests.swift; sourceTree = "<group>"; };
/* End PBXFileReference section */

/* Begin PBXFrameworksBuildPhase section */
		A60000000000000000000001 /* Frameworks */ = {
			isa = PBXFrameworksBuildPhase;
			buildActionMask = 2147483647;
			files = (
			);
			runOnlyForDeploymentPostprocessing = 0;
		};
		A60000000000000000000002 /* Frameworks */ = {
			isa = PBXFrameworksBuildPhase;
			buildActionMask = 2147483647;
			files = (
			);
			runOnlyForDeploymentPostprocessing = 0;
		};
/* End PBXFrameworksBuildPhase section */

/* Begin PBXGroup section */
		A70000000000000000000001 = {
			isa = PBXGroup;
			children = (
				A70000000000000000000002 /* ReactNotes */,
				A70000000000000000000003 /* ReactNotesTests */,
				A70000000000000000000004 /* Products */,
				31A94F972F58C2A90013F1AF /* ZOOM_ISSUE_FIX.md */,
				31A94F982F58C41A0013F1AF /* PROPER_ZOOM_IMPLEMENTATION.md */,
				31A94F992F58C4410013F1AF /* ZOOM_FIX_SUMMARY.md */,
				31A94F9A2F58C4760013F1AF /* ZOOM_VISUAL_GUIDE.md */,
				31A94F9B2F58C5D20013F1AF /* BLACK_BACKGROUND_FEATURE.md */,
				31A94F9C2F58C5EF0013F1AF /* BLACK_BACKGROUND_SUMMARY.md */,
				31A94F9D2F58C6D00013F1AF /* PAGE_CENTERING_FEATURE.md */,
				31A94F9E2F58C6EC0013F1AF /* PAGE_CENTERING_SUMMARY.md */,
			);
			sourceTree = "<group>";
		};
		A70000000000000000000002 /* ReactNotes */ = {
			isa = PBXGroup;
			children = (
				A20000000000000000000001 /* AppDelegate.swift */,
				A20000000000000000000002 /* SceneDelegate.swift */,
				A20000000000000000000003 /* Models.swift */,
				A20000000000000000000004 /* DataStore.swift */,
				A2000000000000000000000F /* SidebarViewController.swift */,
				A20000000000000000000010 /* NoteGridViewController.swift */,
				A20000000000000000000011 /* NoteCardCell.swift */,
				A20000000000000000000012 /* ThumbnailCache.swift */,
				A20000000000000000000007 /* NoteEditorViewController.swift */,
				A20000000000000000000013 /* FloatingToolbarView.swift */,
				A20000000000000000000014 /* BottomPaperStyleToolbar.swift */,
				A20000000000000000000009 /* Assets.xcassets */,
				A2000000000000000000000A /* LaunchScreen.storyboard */,
				A2000000000000000000000B /* Info.plist */,
				314F39452F50D6DF00421891 /* STARTUP_FREEZE_DIAGNOSIS.md */,
				314F39472F50D71D00421891 /* STARTUP_FREEZE_FIX_SUMMARY.md */,
				31A94F8D2F58ACDC0013F1AF /* PAGE_SCROLL_IMPLEMENTATION.md */,
				31A94F8F2F58ACF90013F1AF /* TESTING_PAGE_SCROLL.md */,
				31A94F912F58AEDD0013F1AF /* ZOOM_FEATURE.md */,
				31A94F932F58AFA70013F1AF /* SIDEBAR_TOGGLE_FEATURE.md */,
				31A94F952F58B0640013F1AF /* PATTERN_ZOOM_FIX.md */,
			);
			path = ReactNotes;
			sourceTree = "<group>";
		};
		A70000000000000000000003 /* ReactNotesTests */ = {
			isa = PBXGroup;
			children = (
				314F39492F50DDD200421891 /* StartupDiagnosticTests.swift */,
				A2000000000000000000000C /* DataStoreTests.swift */,
				BB0000000000000000000002 /* NoteEditorTests.swift */,
			);
			path = ReactNotesTests;
			sourceTree = "<group>";
		};
		A70000000000000000000004 /* Products */ = {
			isa = PBXGroup;
			children = (
				A2000000000000000000000D /* ReactNotes.app */,
				A2000000000000000000000E /* ReactNotesTests.xctest */,
			);
			name = Products;
			sourceTree = "<group>";
		};
/* End PBXGroup section */

/* Begin PBXNativeTarget section */
		A40000000000000000000001 /* ReactNotes */ = {
			isa = PBXNativeTarget;
			buildConfigurationList = A90000000000000000000001 /* Build configuration list for PBXNativeTarget "ReactNotes" */;
			buildPhases = (
				A80000000000000000000001 /* Sources */,
				A60000000000000000000001 /* Frameworks */,
				AA0000000000000000000001 /* Resources */,
			);
			buildRules = (
			);
			dependencies = (
			);
			name = ReactNotes;
			productName = ReactNotes;
			productReference = A2000000000000000000000D /* ReactNotes.app */;
			productType = "com.apple.product-type.application";
		};
		A40000000000000000000002 /* ReactNotesTests */ = {
			isa = PBXNativeTarget;
			buildConfigurationList = A90000000000000000000002 /* Build configuration list for PBXNativeTarget "ReactNotesTests" */;
			buildPhases = (
				A80000000000000000000002 /* Sources */,
				A60000000000000000000002 /* Frameworks */,
			);
			buildRules = (
			);
			dependencies = (
				A30000000000000000000002 /* PBXTargetDependency */,
			);
			name = ReactNotesTests;
			productName = ReactNotesTests;
			productReference = A2000000000000000000000E /* ReactNotesTests.xctest */;
			productType = "com.apple.product-type.bundle.unit-test";
		};
/* End PBXNativeTarget section */

/* Begin PBXProject section */
		A50000000000000000000001 /* Project object */ = {
			isa = PBXProject;
			attributes = {
				BuildIndependentTargetsInParallel = 1;
				LastUpgradeCheck = 1600;
				TargetAttributes = {
					A40000000000000000000001 = {
						CreatedOnToolsVersion = 16.0;
					};
					A40000000000000000000002 = {
						CreatedOnToolsVersion = 16.0;
						TestTargetID = A40000000000000000000001;
					};
				};
			};
			buildConfigurationList = A90000000000000000000003 /* Build configuration list for PBXProject "ReactNotes" */;
			compatibilityVersion = "Xcode 14.0";
			developmentRegion = en;
			hasScannedForEncodings = 0;
			knownRegions = (
				en,
				Base,
			);
			mainGroup = A70000000000000000000001;
			productRefGroup = A70000000000000000000004 /* Products */;
			projectDirPath = "";
			projectRoot = "";
			targets = (
				A40000000000000000000001 /* ReactNotes */,
				A40000000000000000000002 /* ReactNotesTests */,
			);
		};
/* End PBXProject section */

/* Begin PBXResourcesBuildPhase section */
		AA0000000000000000000001 /* Resources */ = {
			isa = PBXResourcesBuildPhase;
			buildActionMask = 2147483647;
			files = (
				A10000000000000000000009 /* Assets.xcassets in Resources */,
				A1000000000000000000000A /* LaunchScreen.storyboard in Resources */,
				314F39482F50D71D00421891 /* STARTUP_FREEZE_FIX_SUMMARY.md in Resources */,
				31A94F902F58ACF90013F1AF /* TESTING_PAGE_SCROLL.md in Resources */,
				31A94F922F58AEDD0013F1AF /* ZOOM_FEATURE.md in Resources */,
				31A94F8E2F58ACDC0013F1AF /* PAGE_SCROLL_IMPLEMENTATION.md in Resources */,
				31A94F962F58B0640013F1AF /* PATTERN_ZOOM_FIX.md in Resources */,
				31A94F942F58AFA70013F1AF /* SIDEBAR_TOGGLE_FEATURE.md in Resources */,
				314F39462F50D6DF00421891 /* STARTUP_FREEZE_DIAGNOSIS.md in Resources */,
			);
			runOnlyForDeploymentPostprocessing = 0;
		};
/* End PBXResourcesBuildPhase section */

/* Begin PBXSourcesBuildPhase section */
		A80000000000000000000001 /* Sources */ = {
			isa = PBXSourcesBuildPhase;
			buildActionMask = 2147483647;
			files = (
				A10000000000000000000001 /* AppDelegate.swift in Sources */,
				A10000000000000000000002 /* SceneDelegate.swift in Sources */,
				A10000000000000000000003 /* Models.swift in Sources */,
				A10000000000000000000004 /* DataStore.swift in Sources */,
				A1000000000000000000000C /* SidebarViewController.swift in Sources */,
				A1000000000000000000000D /* NoteGridViewController.swift in Sources */,
				A1000000000000000000000E /* NoteCardCell.swift in Sources */,
				A1000000000000000000000F /* ThumbnailCache.swift in Sources */,
				A10000000000000000000007 /* NoteEditorViewController.swift in Sources */,
				A10000000000000000000010 /* FloatingToolbarView.swift in Sources */,
				A10000000000000000000011 /* BottomPaperStyleToolbar.swift in Sources */,
			);
			runOnlyForDeploymentPostprocessing = 0;
		};
		A80000000000000000000002 /* Sources */ = {
			isa = PBXSourcesBuildPhase;
			buildActionMask = 2147483647;
			files = (
				314F394A2F50DDD900421891 /* StartupDiagnosticTests.swift in Sources */,
				A1000000000000000000000B /* DataStoreTests.swift in Sources */,
				BB0000000000000000000001 /* NoteEditorTests.swift in Sources */,
			);
			runOnlyForDeploymentPostprocessing = 0;
		};
/* End PBXSourcesBuildPhase section */

/* Begin PBXTargetDependency section */
		A30000000000000000000002 /* PBXTargetDependency */ = {
			isa = PBXTargetDependency;
			target = A40000000000000000000001 /* ReactNotes */;
			targetProxy = A30000000000000000000001 /* PBXContainerItemProxy */;
		};
/* End PBXTargetDependency section */

/* Begin XCBuildConfiguration section */
		AB0000000000000000000001 /* Debug */ = {
			isa = XCBuildConfiguration;
			buildSettings = {
				ALWAYS_SEARCH_USER_PATHS = NO;
				CLANG_ANALYZER_NONNULL = YES;
				CLANG_ANALYZER_NUMBER_OBJECT_CONVERSION = YES_AGGRESSIVE;
				CLANG_CXX_LANGUAGE_STANDARD = "gnu++20";
				CLANG_ENABLE_MODULES = YES;
				CLANG_ENABLE_OBJC_ARC = YES;
				CLANG_WARN_BLOCK_CAPTURE_AUTORELEASING = YES;
				CLANG_WARN_BOOL_CONVERSION = YES;
				CLANG_WARN_COMMA = YES;
				CLANG_WARN_CONSTANT_CONVERSION = YES;
				CLANG_WARN_DEPRECATED_OBJC_IMPLEMENTATIONS = YES;
				CLANG_WARN_DIRECT_OBJC_ISA_USAGE = YES_ERROR;
				CLANG_WARN_DOCUMENTATION_COMMENTS = YES;
				CLANG_WARN_EMPTY_BODY = YES;
				CLANG_WARN_ENUM_CONVERSION = YES;
				CLANG_WARN_INFINITE_RECURSION = YES;
				CLANG_WARN_INT_CONVERSION = YES;
				CLANG_WARN_NON_LITERAL_NULL_CONVERSION = YES;
				CLANG_WARN_OBJC_IMPLICIT_RETAIN_SELF = YES;
				CLANG_WARN_OBJC_LITERAL_CONVERSION = YES;
				CLANG_WARN_OBJC_ROOT_CLASS = YES_ERROR;
				CLANG_WARN_QUOTED_INCLUDE_IN_FRAMEWORK_HEADER = YES;
				CLANG_WARN_RANGE_LOOP_ANALYSIS = YES;
				CLANG_WARN_STRICT_PROTOTYPES = YES;
				CLANG_WARN_SUSPICIOUS_MOVE = YES;
				CLANG_WARN_UNGUARDED_AVAILABILITY = YES_AGGRESSIVE;
				CLANG_WARN_UNREACHABLE_CODE = YES;
				COPY_PHASE_STRIP = NO;
				DEBUG_INFORMATION_FORMAT = dwarf;
				ENABLE_STRICT_OBJC_MSGSEND = YES;
				ENABLE_TESTABILITY = YES;
				GCC_C_LANGUAGE_STANDARD = gnu17;
				GCC_DYNAMIC_NO_PIC = NO;
				GCC_NO_COMMON_BLOCKS = YES;
				GCC_OPTIMIZATION_LEVEL = 0;
				GCC_PREPROCESSOR_DEFINITIONS = (
					"DEBUG=1",
					"$(inherited)",
				);
				GCC_WARN_64_TO_32_BIT_CONVERSION = YES;
				GCC_WARN_ABOUT_RETURN_TYPE = YES_ERROR;
				GCC_WARN_UNDECLARED_SELECTOR = YES;
				GCC_WARN_UNINITIALIZED_AUTOS = YES_AGGRESSIVE;
				GCC_WARN_UNUSED_FUNCTION = YES;
				GCC_WARN_UNUSED_VARIABLE = YES;
				IPHONEOS_DEPLOYMENT_TARGET = 17.0;
				MTL_ENABLE_DEBUG_INFO = INCLUDE_SOURCE;
				MTL_FAST_MATH = YES;
				ONLY_ACTIVE_ARCH = YES;
				SDKROOT = iphoneos;
				SWIFT_OPTIMIZATION_LEVEL = "-Onone";
			};
			name = Debug;
		};
		AB0000000000000000000002 /* Release */ = {
			isa = XCBuildConfiguration;
			buildSettings = {
				ALWAYS_SEARCH_USER_PATHS = NO;
				CLANG_ANALYZER_NONNULL = YES;
				CLANG_ANALYZER_NUMBER_OBJECT_CONVERSION = YES_AGGRESSIVE;
				CLANG_CXX_LANGUAGE_STANDARD = "gnu++20";
				CLANG_ENABLE_MODULES = YES;
				CLANG_ENABLE_OBJC_ARC = YES;
				CLANG_WARN_BLOCK_CAPTURE_AUTORELEASING = YES;
				CLANG_WARN_BOOL_CONVERSION = YES;
				CLANG_WARN_COMMA = YES;
				CLANG_WARN_CONSTANT_CONVERSION = YES;
				CLANG_WARN_DEPRECATED_OBJC_IMPLEMENTATIONS = YES;
				CLANG_WARN_DIRECT_OBJC_ISA_USAGE = YES_ERROR;
				CLANG_WARN_DOCUMENTATION_COMMENTS = YES;
				CLANG_WARN_EMPTY_BODY = YES;
				CLANG_WARN_ENUM_CONVERSION = YES;
				CLANG_WARN_INFINITE_RECURSION = YES;
				CLANG_WARN_INT_CONVERSION = YES;
				CLANG_WARN_NON_LITERAL_NULL_CONVERSION = YES;
				CLANG_WARN_OBJC_IMPLICIT_RETAIN_SELF = YES;
				CLANG_WARN_OBJC_LITERAL_CONVERSION = YES;
				CLANG_WARN_OBJC_ROOT_CLASS = YES_ERROR;
				CLANG_WARN_QUOTED_INCLUDE_IN_FRAMEWORK_HEADER = YES;
				CLANG_WARN_RANGE_LOOP_ANALYSIS = YES;
				CLANG_WARN_STRICT_PROTOTYPES = YES;
				CLANG_WARN_SUSPICIOUS_MOVE = YES;
				CLANG_WARN_UNGUARDED_AVAILABILITY = YES_AGGRESSIVE;
				CLANG_WARN_UNREACHABLE_CODE = YES;
				COPY_PHASE_STRIP = NO;
				DEBUG_INFORMATION_FORMAT = "dwarf-with-dsym";
				ENABLE_NS_ASSERTIONS = NO;
				ENABLE_STRICT_OBJC_MSGSEND = YES;
				GCC_C_LANGUAGE_STANDARD = gnu17;
				GCC_NO_COMMON_BLOCKS = YES;
				GCC_WARN_64_TO_32_BIT_CONVERSION = YES;
				GCC_WARN_ABOUT_RETURN_TYPE = YES_ERROR;
				GCC_WARN_UNDECLARED_SELECTOR = YES;
				GCC_WARN_UNINITIALIZED_AUTOS = YES_AGGRESSIVE;
				GCC_WARN_UNUSED_FUNCTION = YES;
				GCC_WARN_UNUSED_VARIABLE = YES;
				IPHONEOS_DEPLOYMENT_TARGET = 17.0;
				MTL_ENABLE_DEBUG_INFO = NO;
				MTL_FAST_MATH = YES;
				SDKROOT = iphoneos;
				SWIFT_COMPILATION_MODE = wholemodule;
				SWIFT_OPTIMIZATION_LEVEL = "-O";
				VALIDATE_PRODUCT = YES;
			};
			name = Release;
		};
		AB0000000000000000000003 /* Debug */ = {
			isa = XCBuildConfiguration;
			buildSettings = {
				ASSETCATALOG_COMPILER_APPICON_NAME = AppIcon;
				CODE_SIGN_STYLE = Automatic;
				CURRENT_PROJECT_VERSION = 1;
				DEVELOPMENT_TEAM = 63BZ237S4H;
				GENERATE_INFOPLIST_FILE = NO;
				INFOPLIST_FILE = ReactNotes/Info.plist;
				IPHONEOS_DEPLOYMENT_TARGET = 17.0;
				LD_RUNPATH_SEARCH_PATHS = (
					"$(inherited)",
					"@executable_path/Frameworks",
				);
				MARKETING_VERSION = 1.0;
				PRODUCT_BUNDLE_IDENTIFIER = com.mateobocc.ReactNotes;
				PRODUCT_NAME = "$(TARGET_NAME)";
				SWIFT_EMIT_LOC_STRINGS = YES;
				SWIFT_VERSION = 5.0;
				TARGETED_DEVICE_FAMILY = 2;
			};
			name = Debug;
		};
		AB0000000000000000000004 /* Release */ = {
			isa = XCBuildConfiguration;
			buildSettings = {
				ASSETCATALOG_COMPILER_APPICON_NAME = AppIcon;
				CODE_SIGN_STYLE = Automatic;
				CURRENT_PROJECT_VERSION = 1;
				DEVELOPMENT_TEAM = 63BZ237S4H;
				GENERATE_INFOPLIST_FILE = NO;
				INFOPLIST_FILE = ReactNotes/Info.plist;
				IPHONEOS_DEPLOYMENT_TARGET = 17.0;
				LD_RUNPATH_SEARCH_PATHS = (
					"$(inherited)",
					"@executable_path/Frameworks",
				);
				MARKETING_VERSION = 1.0;
				PRODUCT_BUNDLE_IDENTIFIER = com.mateobocc.ReactNotes;
				PRODUCT_NAME = "$(TARGET_NAME)";
				SWIFT_EMIT_LOC_STRINGS = YES;
				SWIFT_VERSION = 5.0;
				TARGETED_DEVICE_FAMILY = 2;
			};
			name = Release;
		};
		AB0000000000000000000005 /* Debug */ = {
			isa = XCBuildConfiguration;
			buildSettings = {
				BUNDLE_LOADER = "$(BUILT_PRODUCTS_DIR)/ReactNotes.app/ReactNotes";
				CODE_SIGN_STYLE = Automatic;
				CURRENT_PROJECT_VERSION = 1;
				GENERATE_INFOPLIST_FILE = YES;
				IPHONEOS_DEPLOYMENT_TARGET = 17.0;
				MARKETING_VERSION = 1.0;
				PRODUCT_BUNDLE_IDENTIFIER = com.mateobocc.ReactNotesTests;
				PRODUCT_NAME = "$(TARGET_NAME)";
				SWIFT_VERSION = 5.0;
				TARGETED_DEVICE_FAMILY = 2;
				TEST_HOST = "$(BUILT_PRODUCTS_DIR)/ReactNotes.app/ReactNotes";
				TEST_TARGET_NAME = ReactNotes;
			};
			name = Debug;
		};
		AB0000000000000000000006 /* Release */ = {
			isa = XCBuildConfiguration;
			buildSettings = {
				BUNDLE_LOADER = "$(BUILT_PRODUCTS_DIR)/ReactNotes.app/ReactNotes";
				CODE_SIGN_STYLE = Automatic;
				CURRENT_PROJECT_VERSION = 1;
				GENERATE_INFOPLIST_FILE = YES;
				IPHONEOS_DEPLOYMENT_TARGET = 17.0;
				MARKETING_VERSION = 1.0;
				PRODUCT_BUNDLE_IDENTIFIER = com.mateobocc.ReactNotesTests;
				PRODUCT_NAME = "$(TARGET_NAME)";
				SWIFT_VERSION = 5.0;
				TARGETED_DEVICE_FAMILY = 2;
				TEST_HOST = "$(BUILT_PRODUCTS_DIR)/ReactNotes.app/ReactNotes";
				TEST_TARGET_NAME = ReactNotes;
			};
			name = Release;
		};
/* End XCBuildConfiguration section */

/* Begin XCConfigurationList section */
		A90000000000000000000001 /* Build configuration list for PBXNativeTarget "ReactNotes" */ = {
			isa = XCConfigurationList;
			buildConfigurations = (
				AB0000000000000000000003 /* Debug */,
				AB0000000000000000000004 /* Release */,
			);
			defaultConfigurationIsVisible = 0;
			defaultConfigurationName = Release;
		};
		A90000000000000000000002 /* Build configuration list for PBXNativeTarget "ReactNotesTests" */ = {
			isa = XCConfigurationList;
			buildConfigurations = (
				AB0000000000000000000005 /* Debug */,
				AB0000000000000000000006 /* Release */,
			);
			defaultConfigurationIsVisible = 0;
			defaultConfigurationName = Release;
		};
		A90000000000000000000003 /* Build configuration list for PBXProject "ReactNotes" */ = {
			isa = XCConfigurationList;
			buildConfigurations = (
				AB0000000000000000000001 /* Debug */,
				AB0000000000000000000002 /* Release */,
			);
			defaultConfigurationIsVisible = 0;
			defaultConfigurationName = Release;
		};
/* End XCConfigurationList section */
	};
	rootObject = A50000000000000000000001 /* Project object */;
}
